Microsoft Visual Studio Solution File, Format Version 12.00
# Visual Studio Version 17
VisualStudioVersion = 17.5.2.0
MinimumVisualStudioVersion = 10.0.40219.1
Project("{FAE04EC0-301F-11D3-BF4B-00C04F79EFBC}") = "Mission06_Bede", "Mission06_Bede.csproj", "{B5C106B4-1907-14E1-5C59-33CAB16C7740}"
EndProject
Global
	GlobalSection(SolutionConfigurationPlatforms) = preSolution
		Debug|Any CPU = Debug|Any CPU
		Release|Any CPU = Release|Any CPU
	EndGlobalSection
	GlobalSection(ProjectConfigurationPlatforms) = postSolution
		{B5C106B4-1907-14E1-5C59-33CAB16C7740}.Debug|Any CPU.ActiveCfg = Debug|Any CPU
		{B5C106B4-1907-14E1-5C59-33CAB16C7740}.Debug|Any CPU.Build.0 = Debug|Any CPU
		{B5C106B4-1907-14E1-5C59-33CAB16C7740}.Release|Any CPU.ActiveCfg = Release|Any CPU
		{B5C106B4-1907-14E1-5C59-33CAB16C7740}.Release|Any CPU.Build.0 = Release|Any CPU
	EndGlobalSection
	GlobalSection(SolutionProperties) = preSolution
		HideSolutionNode = FALSE
	EndGlobalSection
	GlobalSection(ExtensibilityGlobals) = postSolution
		SolutionGuid = {41C671AB-CC6C-4D56-AA5C-B6BE2E958FF7}
	EndGlobalSection
EndGlobal
